// !$*UTF8*$!
{
	archiveVersion = 1;
	classes = {
	};
	objectVersion = 55;
	objects = {

/* Begin PBXBuildFile section */
		9919935328394295007C9708 /* BubbleAppV2App.swift in Sources */ = {isa = PBXBuildFile; fileRef = 9919935228394295007C9708 /* BubbleAppV2App.swift */; };
		9919935528394295007C9708 /* ContentView.swift in Sources */ = {isa = PBXBuildFile; fileRef = 9919935428394295007C9708 /* ContentView.swift */; };
		9919935728394296007C9708 /* Assets.xcassets in Resources */ = {isa = PBXBuildFile; fileRef = 9919935628394296007C9708 /* Assets.xcassets */; };
		9919935A28394296007C9708 /* Preview Assets.xcassets in Resources */ = {isa = PBXBuildFile; fileRef = 9919935928394296007C9708 /* Preview Assets.xcassets */; };
		9919936528394296007C9708 /* BubbleAppV2Tests.swift in Sources */ = {isa = PBXBuildFile; fileRef = 9919936428394296007C9708 /* BubbleAppV2Tests.swift */; };
		9919936F28394296007C9708 /* BubbleAppV2UITests.swift in Sources */ = {isa = PBXBuildFile; fileRef = 9919936E28394296007C9708 /* BubbleAppV2UITests.swift */; };
		9919937128394296007C9708 /* BubbleAppV2UITestsLaunchTests.swift in Sources */ = {isa = PBXBuildFile; fileRef = 9919937028394296007C9708 /* BubbleAppV2UITestsLaunchTests.swift */; };
		9919937F28394354007C9708 /* BubbleShapes.swift in Sources */ = {isa = PBXBuildFile; fileRef = 9919937E28394354007C9708 /* BubbleShapes.swift */; };
		9919938428394433007C9708 /* UserPreferencesModel.swift in Sources */ = {isa = PBXBuildFile; fileRef = 9919938328394433007C9708 /* UserPreferencesModel.swift */; };
		9919938628394588007C9708 /* UserPreferencesView.swift in Sources */ = {isa = PBXBuildFile; fileRef = 9919938528394588007C9708 /* UserPreferencesView.swift */; };
		9919938A28394849007C9708 /* Localizable.string.strings in Resources */ = {isa = PBXBuildFile; fileRef = 9919938C28394849007C9708 /* Localizable.string.strings */; };
/* End PBXBuildFile section */

/* Begin PBXContainerItemProxy section */
		9919936128394296007C9708 /* PBXContainerItemProxy */ = {
			isa = PBXContainerItemProxy;
			containerPortal = 9919934728394295007C9708 /* Project object */;
			proxyType = 1;
			remoteGlobalIDString = 9919934E28394295007C9708;
			remoteInfo = BubbleAppV2;
		};
		9919936B28394296007C9708 /* PBXContainerItemProxy */ = {
			isa = PBXContainerItemProxy;
			containerPortal = 9919934728394295007C9708 /* Project object */;
			proxyType = 1;
			remoteGlobalIDString = 9919934E28394295007C9708;
			remoteInfo = BubbleAppV2;
		};
/* End PBXContainerItemProxy section */

/* Begin PBXFileReference section */
		9919934F28394295007C9708 /* BubbleAppV2.app */ = {isa = PBXFileReference; explicitFileType = wrapper.application; includeInIndex = 0; path = BubbleAppV2.app; sourceTree = BUILT_PRODUCTS_DIR; };
		9919935228394295007C9708 /* BubbleAppV2App.swift */ = {isa = PBXFileReference; lastKnownFileType = sourcecode.swift; path = BubbleAppV2App.swift; sourceTree = "<group>"; };
		9919935428394295007C9708 /* ContentView.swift */ = {isa = PBXFileReference; lastKnownFileType = sourcecode.swift; path = ContentView.swift; sourceTree = "<group>"; };
		9919935628394296007C9708 /* Assets.xcassets */ = {isa = PBXFileReference; lastKnownFileType = folder.assetcatalog; path = Assets.xcassets; sourceTree = "<group>"; };
		9919935928394296007C9708 /* Preview Assets.xcassets */ = {isa = PBXFileReference; lastKnownFileType = folder.assetcatalog; path = "Preview Assets.xcassets"; sourceTree = "<group>"; };
		9919935B28394296007C9708 /* BubbleAppV2.entitlements */ = {isa = PBXFileReference; lastKnownFileType = text.plist.entitlements; path = BubbleAppV2.entitlements; sourceTree = "<group>"; };
		9919936028394296007C9708 /* BubbleAppV2Tests.xctest */ = {isa = PBXFileReference; explicitFileType = wrapper.cfbundle; includeInIndex = 0; path = BubbleAppV2Tests.xctest; sourceTree = BUILT_PRODUCTS_DIR; };
		9919936428394296007C9708 /* BubbleAppV2Tests.swift */ = {isa = PBXFileReference; lastKnownFileType = sourcecode.swift; path = BubbleAppV2Tests.swift; sourceTree = "<group>"; };
		9919936A28394296007C9708 /* BubbleAppV2UITests.xctest */ = {isa = PBXFileReference; explicitFileType = wrapper.cfbundle; includeInIndex = 0; path = BubbleAppV2UITests.xctest; sourceTree = BUILT_PRODUCTS_DIR; };
		9919936E28394296007C9708 /* BubbleAppV2UITests.swift */ = {isa = PBXFileReference; lastKnownFileType = sourcecode.swift; path = BubbleAppV2UITests.swift; sourceTree = "<group>"; };
		9919937028394296007C9708 /* BubbleAppV2UITestsLaunchTests.swift */ = {isa = PBXFileReference; lastKnownFileType = sourcecode.swift; path = BubbleAppV2UITestsLaunchTests.swift; sourceTree = "<group>"; };
		9919937E28394354007C9708 /* BubbleShapes.swift */ = {isa = PBXFileReference; lastKnownFileType = sourcecode.swift; path = BubbleShapes.swift; sourceTree = "<group>"; };
		9919938328394433007C9708 /* UserPreferencesModel.swift */ = {isa = PBXFileReference; lastKnownFileType = sourcecode.swift; path = UserPreferencesModel.swift; sourceTree = "<group>"; };
		9919938528394588007C9708 /* UserPreferencesView.swift */ = {isa = PBXFileReference; lastKnownFileType = sourcecode.swift; path = UserPreferencesView.swift; sourceTree = "<group>"; };
		9919938B28394849007C9708 /* en */ = {isa = PBXFileReference; lastKnownFileType = text.plist.strings; name = en; path = en.lproj/Localizable.string.strings; sourceTree = "<group>"; };
		9919938D2839484A007C9708 /* es */ = {isa = PBXFileReference; lastKnownFileType = text.plist.strings; name = es; path = es.lproj/Localizable.string.strings; sourceTree = "<group>"; };
/* End PBXFileReference section */

/* Begin PBXFrameworksBuildPhase section */
		9919934C28394295007C9708 /* Frameworks */ = {
			isa = PBXFrameworksBuildPhase;
			buildActionMask = 2147483647;
			files = (
			);
			runOnlyForDeploymentPostprocessing = 0;
		};
		9919935D28394296007C9708 /* Frameworks */ = {
			isa = PBXFrameworksBuildPhase;
			buildActionMask = 2147483647;
			files = (
			);
			runOnlyForDeploymentPostprocessing = 0;
		};
		9919936728394296007C9708 /* Frameworks */ = {
			isa = PBXFrameworksBuildPhase;
			buildActionMask = 2147483647;
			files = (
			);
			runOnlyForDeploymentPostprocessing = 0;
		};
/* End PBXFrameworksBuildPhase section */

/* Begin PBXGroup section */
		9919934628394295007C9708 = {
			isa = PBXGroup;
			children = (
				9919935128394295007C9708 /* BubbleAppV2 */,
				9919936328394296007C9708 /* BubbleAppV2Tests */,
				9919936D28394296007C9708 /* BubbleAppV2UITests */,
				9919935028394295007C9708 /* Products */,
			);
			sourceTree = "<group>";
		};
		9919935028394295007C9708 /* Products */ = {
			isa = PBXGroup;
			children = (
				9919934F28394295007C9708 /* BubbleAppV2.app */,
				9919936028394296007C9708 /* BubbleAppV2Tests.xctest */,
				9919936A28394296007C9708 /* BubbleAppV2UITests.xctest */,
			);
			name = Products;
			sourceTree = "<group>";
		};
		9919935128394295007C9708 /* BubbleAppV2 */ = {
			isa = PBXGroup;
			children = (
				991993872839481E007C9708 /* Localizables */,
				99199380283943CC007C9708 /* Features */,
				9919937D28394327007C9708 /* Components */,
				9919935228394295007C9708 /* BubbleAppV2App.swift */,
				9919935428394295007C9708 /* ContentView.swift */,
				9919935628394296007C9708 /* Assets.xcassets */,
				9919935B28394296007C9708 /* BubbleAppV2.entitlements */,
				9919935828394296007C9708 /* Preview Content */,
			);
			path = BubbleAppV2;
			sourceTree = "<group>";
		};
		9919935828394296007C9708 /* Preview Content */ = {
			isa = PBXGroup;
			children = (
				9919935928394296007C9708 /* Preview Assets.xcassets */,
			);
			path = "Preview Content";
			sourceTree = "<group>";
		};
		9919936328394296007C9708 /* BubbleAppV2Tests */ = {
			isa = PBXGroup;
			children = (
				9919936428394296007C9708 /* BubbleAppV2Tests.swift */,
			);
			path = BubbleAppV2Tests;
			sourceTree = "<group>";
		};
		9919936D28394296007C9708 /* BubbleAppV2UITests */ = {
			isa = PBXGroup;
			children = (
				9919936E28394296007C9708 /* BubbleAppV2UITests.swift */,
				9919937028394296007C9708 /* BubbleAppV2UITestsLaunchTests.swift */,
			);
			path = BubbleAppV2UITests;
			sourceTree = "<group>";
		};
		9919937D28394327007C9708 /* Components */ = {
			isa = PBXGroup;
			children = (
				9919938E283949C9007C9708 /* Bubbles */,
			);
			path = Components;
			sourceTree = "<group>";
		};
		99199380283943CC007C9708 /* Features */ = {
			isa = PBXGroup;
			children = (
				99199381283943DC007C9708 /* UserPreferences */,
			);
			path = Features;
			sourceTree = "<group>";
		};
		99199381283943DC007C9708 /* UserPreferences */ = {
			isa = PBXGroup;
			children = (
				9919938328394433007C9708 /* UserPreferencesModel.swift */,
				9919938528394588007C9708 /* UserPreferencesView.swift */,
			);
			path = UserPreferences;
			sourceTree = "<group>";
		};
		991993872839481E007C9708 /* Localizables */ = {
			isa = PBXGroup;
			children = (
				9919938C28394849007C9708 /* Localizable.string.strings */,
			);
			path = Localizables;
			sourceTree = "<group>";
		};
		9919938E283949C9007C9708 /* Bubbles */ = {
			isa = PBXGroup;
			children = (
				9919937E28394354007C9708 /* BubbleShapes.swift */,
			);
			path = Bubbles;
			sourceTree = "<group>";
		};
/* End PBXGroup section */

/* Begin PBXNativeTarget section */
		9919934E28394295007C9708 /* BubbleAppV2 */ = {
			isa = PBXNativeTarget;
			buildConfigurationList = 9919937428394296007C9708 /* Build configuration list for PBXNativeTarget "BubbleAppV2" */;
			buildPhases = (
				9919934B28394295007C9708 /* Sources */,
				9919934C28394295007C9708 /* Frameworks */,
				9919934D28394295007C9708 /* Resources */,
			);
			buildRules = (
			);
			dependencies = (
			);
			name = BubbleAppV2;
			productName = BubbleAppV2;
			productReference = 9919934F28394295007C9708 /* BubbleAppV2.app */;
			productType = "com.apple.product-type.application";
		};
		9919935F28394296007C9708 /* BubbleAppV2Tests */ = {
			isa = PBXNativeTarget;
			buildConfigurationList = 9919937728394296007C9708 /* Build configuration list for PBXNativeTarget "BubbleAppV2Tests" */;
			buildPhases = (
				9919935C28394296007C9708 /* Sources */,
				9919935D28394296007C9708 /* Frameworks */,
				9919935E28394296007C9708 /* Resources */,
			);
			buildRules = (
			);
			dependencies = (
				9919936228394296007C9708 /* PBXTargetDependency */,
			);
			name = BubbleAppV2Tests;
			productName = BubbleAppV2Tests;
			productReference = 9919936028394296007C9708 /* BubbleAppV2Tests.xctest */;
			productType = "com.apple.product-type.bundle.unit-test";
		};
		9919936928394296007C9708 /* BubbleAppV2UITests */ = {
			isa = PBXNativeTarget;
			buildConfigurationList = 9919937A28394296007C9708 /* Build configuration list for PBXNativeTarget "BubbleAppV2UITests" */;
			buildPhases = (
				9919936628394296007C9708 /* Sources */,
				9919936728394296007C9708 /* Frameworks */,
				9919936828394296007C9708 /* Resources */,
			);
			buildRules = (
			);
			dependencies = (
				9919936C28394296007C9708 /* PBXTargetDependency */,
			);
			name = BubbleAppV2UITests;
			productName = BubbleAppV2UITests;
			productReference = 9919936A28394296007C9708 /* BubbleAppV2UITests.xctest */;
			productType = "com.apple.product-type.bundle.ui-testing";
		};
/* End PBXNativeTarget section */

/* Begin PBXProject section */
		9919934728394295007C9708 /* Project object */ = {
			isa = PBXProject;
			attributes = {
				BuildIndependentTargetsInParallel = 1;
				LastSwiftUpdateCheck = 1330;
				LastUpgradeCheck = 1330;
				TargetAttributes = {
					9919934E28394295007C9708 = {
						CreatedOnToolsVersion = 13.3.1;
					};
					9919935F28394296007C9708 = {
						CreatedOnToolsVersion = 13.3.1;
						TestTargetID = 9919934E28394295007C9708;
					};
					9919936928394296007C9708 = {
						CreatedOnToolsVersion = 13.3.1;
						TestTargetID = 9919934E28394295007C9708;
					};
				};
			};
			buildConfigurationList = 9919934A28394295007C9708 /* Build configuration list for PBXProject "BubbleAppV2" */;
			compatibilityVersion = "Xcode 13.0";
			developmentRegion = en;
			hasScannedForEncodings = 0;
			knownRegions = (
				en,
				Base,
				es,
			);
			mainGroup = 9919934628394295007C9708;
			productRefGroup = 9919935028394295007C9708 /* Products */;
			projectDirPath = "";
			projectRoot = "";
			targets = (
				9919934E28394295007C9708 /* BubbleAppV2 */,
				9919935F28394296007C9708 /* BubbleAppV2Tests */,
				9919936928394296007C9708 /* BubbleAppV2UITests */,
			);
		};
/* End PBXProject section */

/* Begin PBXResourcesBuildPhase section */
		9919934D28394295007C9708 /* Resources */ = {
			isa = PBXResourcesBuildPhase;
			buildActionMask = 2147483647;
			files = (
				9919935A28394296007C9708 /* Preview Assets.xcassets in Resources */,
				9919938A28394849007C9708 /* Localizable.string.strings in Resources */,
				9919935728394296007C9708 /* Assets.xcassets in Resources */,
			);
			runOnlyForDeploymentPostprocessing = 0;
		};
		9919935E28394296007C9708 /* Resources */ = {
			isa = PBXResourcesBuildPhase;
			buildActionMask = 2147483647;
			files = (
			);
			runOnlyForDeploymentPostprocessing = 0;
		};
		9919936828394296007C9708 /* Resources */ = {
			isa = PBXResourcesBuildPhase;
			buildActionMask = 2147483647;
			files = (
			);
			runOnlyForDeploymentPostprocessing = 0;
		};
/* End PBXResourcesBuildPhase section */

/* Begin PBXSourcesBuildPhase section */
		9919934B28394295007C9708 /* Sources */ = {
			isa = PBXSourcesBuildPhase;
			buildActionMask = 2147483647;
			files = (
				9919935528394295007C9708 /* ContentView.swift in Sources */,
				9919937F28394354007C9708 /* BubbleShapes.swift in Sources */,
				9919938628394588007C9708 /* UserPreferencesView.swift in Sources */,
				9919935328394295007C9708 /* BubbleAppV2App.swift in Sources */,
				9919938428394433007C9708 /* UserPreferencesModel.swift in Sources */,
			);
			runOnlyForDeploymentPostprocessing = 0;
		};
		9919935C28394296007C9708 /* Sources */ = {
			isa = PBXSourcesBuildPhase;
			buildActionMask = 2147483647;
			files = (
				9919936528394296007C9708 /* BubbleAppV2Tests.swift in Sources */,
			);
			runOnlyForDeploymentPostprocessing = 0;
		};
		9919936628394296007C9708 /* Sources */ = {
			isa = PBXSourcesBuildPhase;
			buildActionMask = 2147483647;
			files = (
				9919937128394296007C9708 /* BubbleAppV2UITestsLaunchTests.swift in Sources */,
				9919936F28394296007C9708 /* BubbleAppV2UITests.swift in Sources */,
			);
			runOnlyForDeploymentPostprocessing = 0;
		};
/* End PBXSourcesBuildPhase section */

/* Begin PBXTargetDependency section */
		9919936228394296007C9708 /* PBXTargetDependency */ = {
			isa = PBXTargetDependency;
			target = 9919934E28394295007C9708 /* BubbleAppV2 */;
			targetProxy = 9919936128394296007C9708 /* PBXContainerItemProxy */;
		};
		9919936C28394296007C9708 /* PBXTargetDependency */ = {
			isa = PBXTargetDependency;
			target = 9919934E28394295007C9708 /* BubbleAppV2 */;
			targetProxy = 9919936B28394296007C9708 /* PBXContainerItemProxy */;
		};
/* End PBXTargetDependency section */

/* Begin PBXVariantGroup section */
		9919938C28394849007C9708 /* Localizable.string.strings */ = {
			isa = PBXVariantGroup;
			children = (
				9919938B28394849007C9708 /* en */,
				9919938D2839484A007C9708 /* es */,
			);
			name = Localizable.string.strings;
			sourceTree = "<group>";
		};
/* End PBXVariantGroup section */

/* Begin XCBuildConfiguration section */
		9919937228394296007C9708 /* Debug */ = {
			isa = XCBuildConfiguration;
			buildSettings = {
				ALWAYS_SEARCH_USER_PATHS = NO;
				CLANG_ANALYZER_NONNULL = YES;
				CLANG_ANALYZER_NUMBER_OBJECT_CONVERSION = YES_AGGRESSIVE;
				CLANG_CXX_LANGUAGE_STANDARD = "gnu++17";
				CLANG_ENABLE_MODULES = YES;
				CLANG_ENABLE_OBJC_ARC = YES;
				CLANG_ENABLE_OBJC_WEAK = YES;
				CLANG_WARN_BLOCK_CAPTURE_AUTORELEASING = YES;
				CLANG_WARN_BOOL_CONVERSION = YES;
				CLANG_WARN_COMMA = YES;
				CLANG_WARN_CONSTANT_CONVERSION = YES;
				CLANG_WARN_DEPRECATED_OBJC_IMPLEMENTATIONS = YES;
				CLANG_WARN_DIRECT_OBJC_ISA_USAGE = YES_ERROR;
				CLANG_WARN_DOCUMENTATION_COMMENTS = YES;
				CLANG_WARN_EMPTY_BODY = YES;
				CLANG_WARN_ENUM_CONVERSION = YES;
				CLANG_WARN_INFINITE_RECURSION = YES;
				CLANG_WARN_INT_CONVERSION = YES;
				CLANG_WARN_NON_LITERAL_NULL_CONVERSION = YES;
				CLANG_WARN_OBJC_IMPLICIT_RETAIN_SELF = YES;
				CLANG_WARN_OBJC_LITERAL_CONVERSION = YES;
				CLANG_WARN_OBJC_ROOT_CLASS = YES_ERROR;
				CLANG_WARN_QUOTED_INCLUDE_IN_FRAMEWORK_HEADER = YES;
				CLANG_WARN_RANGE_LOOP_ANALYSIS = YES;
				CLANG_WARN_STRICT_PROTOTYPES = YES;
				CLANG_WARN_SUSPICIOUS_MOVE = YES;
				CLANG_WARN_UNGUARDED_AVAILABILITY = YES_AGGRESSIVE;
				CLANG_WARN_UNREACHABLE_CODE = YES;
				CLANG_WARN__DUPLICATE_METHOD_MATCH = YES;
				COPY_PHASE_STRIP = NO;
				DEBUG_INFORMATION_FORMAT = dwarf;
				ENABLE_STRICT_OBJC_MSGSEND = YES;
				ENABLE_TESTABILITY = YES;
				GCC_C_LANGUAGE_STANDARD = gnu11;
				GCC_DYNAMIC_NO_PIC = NO;
				GCC_NO_COMMON_BLOCKS = YES;
				GCC_OPTIMIZATION_LEVEL = 0;
				GCC_PREPROCESSOR_DEFINITIONS = (
					"DEBUG=1",
					"$(inherited)",
				);
				GCC_WARN_64_TO_32_BIT_CONVERSION = YES;
				GCC_WARN_ABOUT_RETURN_TYPE = YES_ERROR;
				GCC_WARN_UNDECLARED_SELECTOR = YES;
				GCC_WARN_UNINITIALIZED_AUTOS = YES_AGGRESSIVE;
				GCC_WARN_UNUSED_FUNCTION = YES;
				GCC_WARN_UNUSED_VARIABLE = YES;
				MACOSX_DEPLOYMENT_TARGET = 12.3;
				MTL_ENABLE_DEBUG_INFO = INCLUDE_SOURCE;
				MTL_FAST_MATH = YES;
				ONLY_ACTIVE_ARCH = YES;
				SDKROOT = macosx;
				SWIFT_ACTIVE_COMPILATION_CONDITIONS = DEBUG;
				SWIFT_OPTIMIZATION_LEVEL = "-Onone";
			};
			name = Debug;
		};
		9919937328394296007C9708 /* Release */ = {
			isa = XCBuildConfiguration;
			buildSettings = {
				ALWAYS_SEARCH_USER_PATHS = NO;
				CLANG_ANALYZER_NONNULL = YES;
				CLANG_ANALYZER_NUMBER_OBJECT_CONVERSION = YES_AGGRESSIVE;
				CLANG_CXX_LANGUAGE_STANDARD = "gnu++17";
				CLANG_ENABLE_MODULES = YES;
				CLANG_ENABLE_OBJC_ARC = YES;
				CLANG_ENABLE_OBJC_WEAK = YES;
				CLANG_WARN_BLOCK_CAPTURE_AUTORELEASING = YES;
				CLANG_WARN_BOOL_CONVERSION = YES;
				CLANG_WARN_COMMA = YES;
				CLANG_WARN_CONSTANT_CONVERSION = YES;
				CLANG_WARN_DEPRECATED_OBJC_IMPLEMENTATIONS = YES;
				CLANG_WARN_DIRECT_OBJC_ISA_USAGE = YES_ERROR;
				CLANG_WARN_DOCUMENTATION_COMMENTS = YES;
				CLANG_WARN_EMPTY_BODY = YES;
				CLANG_WARN_ENUM_CONVERSION = YES;
				CLANG_WARN_INFINITE_RECURSION = YES;
				CLANG_WARN_INT_CONVERSION = YES;
				CLANG_WARN_NON_LITERAL_NULL_CONVERSION = YES;
				CLANG_WARN_OBJC_IMPLICIT_RETAIN_SELF = YES;
				CLANG_WARN_OBJC_LITERAL_CONVERSION = YES;
				CLANG_WARN_OBJC_ROOT_CLASS = YES_ERROR;
				CLANG_WARN_QUOTED_INCLUDE_IN_FRAMEWORK_HEADER = YES;
				CLANG_WARN_RANGE_LOOP_ANALYSIS = YES;
				CLANG_WARN_STRICT_PROTOTYPES = YES;
				CLANG_WARN_SUSPICIOUS_MOVE = YES;
				CLANG_WARN_UNGUARDED_AVAILABILITY = YES_AGGRESSIVE;
				CLANG_WARN_UNREACHABLE_CODE = YES;
				CLANG_WARN__DUPLICATE_METHOD_MATCH = YES;
				COPY_PHASE_STRIP = NO;
				DEBUG_INFORMATION_FORMAT = "dwarf-with-dsym";
				ENABLE_NS_ASSERTIONS = NO;
				ENABLE_STRICT_OBJC_MSGSEND = YES;
				GCC_C_LANGUAGE_STANDARD = gnu11;
				GCC_NO_COMMON_BLOCKS = YES;
				GCC_WARN_64_TO_32_BIT_CONVERSION = YES;
				GCC_WARN_ABOUT_RETURN_TYPE = YES_ERROR;
				GCC_WARN_UNDECLARED_SELECTOR = YES;
				GCC_WARN_UNINITIALIZED_AUTOS = YES_AGGRESSIVE;
				GCC_WARN_UNUSED_FUNCTION = YES;
				GCC_WARN_UNUSED_VARIABLE = YES;
				MACOSX_DEPLOYMENT_TARGET = 12.3;
				MTL_ENABLE_DEBUG_INFO = NO;
				MTL_FAST_MATH = YES;
				SDKROOT = macosx;
				SWIFT_COMPILATION_MODE = wholemodule;
				SWIFT_OPTIMIZATION_LEVEL = "-O";
			};
			name = Release;
		};
		9919937528394296007C9708 /* Debug */ = {
			isa = XCBuildConfiguration;
			buildSettings = {
				ASSETCATALOG_COMPILER_APPICON_NAME = AppIcon;
				ASSETCATALOG_COMPILER_GLOBAL_ACCENT_COLOR_NAME = AccentColor;
				CODE_SIGN_ENTITLEMENTS = BubbleAppV2/BubbleAppV2.entitlements;
				CODE_SIGN_STYLE = Automatic;
				COMBINE_HIDPI_IMAGES = YES;
				CURRENT_PROJECT_VERSION = 1;
				DEVELOPMENT_ASSET_PATHS = "\"BubbleAppV2/Preview Content\"";
				DEVELOPMENT_TEAM = ZY94S5LYY4;
				ENABLE_HARDENED_RUNTIME = YES;
				ENABLE_PREVIEWS = YES;
				GENERATE_INFOPLIST_FILE = YES;
				INFOPLIST_KEY_NSHumanReadableCopyright = "";
				LD_RUNPATH_SEARCH_PATHS = (
					"$(inherited)",
					"@executable_path/../Frameworks",
				);
				MARKETING_VERSION = 1.0;
				PRODUCT_BUNDLE_IDENTIFIER = JCentercreation.BubbleAppV2;
				PRODUCT_NAME = "$(TARGET_NAME)";
				SWIFT_EMIT_LOC_STRINGS = YES;
				SWIFT_VERSION = 5.0;
			};
			name = Debug;
		};
		9919937628394296007C9708 /* Release */ = {
			isa = XCBuildConfiguration;
			buildSettings = {
				ASSETCATALOG_COMPILER_APPICON_NAME = AppIcon;
				ASSETCATALOG_COMPILER_GLOBAL_ACCENT_COLOR_NAME = AccentColor;
				CODE_SIGN_ENTITLEMENTS = BubbleAppV2/BubbleAppV2.entitlements;
				CODE_SIGN_STYLE = Automatic;
				COMBINE_HIDPI_IMAGES = YES;
				CURRENT_PROJECT_VERSION = 1;
				DEVELOPMENT_ASSET_PATHS = "\"BubbleAppV2/Preview Content\"";
				DEVELOPMENT_TEAM = ZY94S5LYY4;
				ENABLE_HARDENED_RUNTIME = YES;
				ENABLE_PREVIEWS = YES;
				GENERATE_INFOPLIST_FILE = YES;
				INFOPLIST_KEY_NSHumanReadableCopyright = "";
				LD_RUNPATH_SEARCH_PATHS = (
					"$(inherited)",
					"@executable_path/../Frameworks",
				);
				MARKETING_VERSION = 1.0;
				PRODUCT_BUNDLE_IDENTIFIER = JCentercreation.BubbleAppV2;
				PRODUCT_NAME = "$(TARGET_NAME)";
				SWIFT_EMIT_LOC_STRINGS = YES;
				SWIFT_VERSION = 5.0;
			};
			name = Release;
		};
		9919937828394296007C9708 /* Debug */ = {
			isa = XCBuildConfiguration;
			buildSettings = {
				ALWAYS_EMBED_SWIFT_STANDARD_LIBRARIES = YES;
				BUNDLE_LOADER = "$(TEST_HOST)";
				CODE_SIGN_STYLE = Automatic;
				CURRENT_PROJECT_VERSION = 1;
				DEVELOPMENT_TEAM = ZY94S5LYY4;
				GENERATE_INFOPLIST_FILE = YES;
				MACOSX_DEPLOYMENT_TARGET = 12.3;
				MARKETING_VERSION = 1.0;
				PRODUCT_BUNDLE_IDENTIFIER = JCentercreation.BubbleAppV2Tests;
				PRODUCT_NAME = "$(TARGET_NAME)";
				SWIFT_EMIT_LOC_STRINGS = NO;
				SWIFT_VERSION = 5.0;
				TEST_HOST = "$(BUILT_PRODUCTS_DIR)/BubbleAppV2.app/Contents/MacOS/BubbleAppV2";
			};
			name = Debug;
		};
		9919937928394296007C9708 /* Release */ = {
			isa = XCBuildConfiguration;
			buildSettings = {
				ALWAYS_EMBED_SWIFT_STANDARD_LIBRARIES = YES;
				BUNDLE_LOADER = "$(TEST_HOST)";
				CODE_SIGN_STYLE = Automatic;
				CURRENT_PROJECT_VERSION = 1;
				DEVELOPMENT_TEAM = ZY94S5LYY4;
				GENERATE_INFOPLIST_FILE = YES;
				MACOSX_DEPLOYMENT_TARGET = 12.3;
				MARKETING_VERSION = 1.0;
				PRODUCT_BUNDLE_IDENTIFIER = JCentercreation.BubbleAppV2Tests;
				PRODUCT_NAME = "$(TARGET_NAME)";
				SWIFT_EMIT_LOC_STRINGS = NO;
				SWIFT_VERSION = 5.0;
				TEST_HOST = "$(BUILT_PRODUCTS_DIR)/BubbleAppV2.app/Contents/MacOS/BubbleAppV2";
			};
			name = Release;
		};
		9919937B28394296007C9708 /* Debug */ = {
			isa = XCBuildConfiguration;
			buildSettings = {
				ALWAYS_EMBED_SWIFT_STANDARD_LIBRARIES = YES;
				CODE_SIGN_STYLE = Automatic;
				CURRENT_PROJECT_VERSION = 1;
				DEVELOPMENT_TEAM = ZY94S5LYY4;
				GENERATE_INFOPLIST_FILE = YES;
				MARKETING_VERSION = 1.0;
				PRODUCT_BUNDLE_IDENTIFIER = JCentercreation.BubbleAppV2UITests;
				PRODUCT_NAME = "$(TARGET_NAME)";
				SWIFT_EMIT_LOC_STRINGS = NO;
				SWIFT_VERSION = 5.0;
				TEST_TARGET_NAME = BubbleAppV2;
			};
			name = Debug;
		};
		9919937C28394296007C9708 /* Release */ = {
			isa = XCBuildConfiguration;
			buildSettings = {
				ALWAYS_EMBED_SWIFT_STANDARD_LIBRARIES = YES;
				CODE_SIGN_STYLE = Automatic;
				CURRENT_PROJECT_VERSION = 1;
				DEVELOPMENT_TEAM = ZY94S5LYY4;
				GENERATE_INFOPLIST_FILE = YES;
				MARKETING_VERSION = 1.0;
				PRODUCT_BUNDLE_IDENTIFIER = JCentercreation.BubbleAppV2UITests;
				PRODUCT_NAME = "$(TARGET_NAME)";
				SWIFT_EMIT_LOC_STRINGS = NO;
				SWIFT_VERSION = 5.0;
				TEST_TARGET_NAME = BubbleAppV2;
			};
			name = Release;
		};
/* End XCBuildConfiguration section */

/* Begin XCConfigurationList section */
		9919934A28394295007C9708 /* Build configuration list for PBXProject "BubbleAppV2" */ = {
			isa = XCConfigurationList;
			buildConfigurations = (
				9919937228394296007C9708 /* Debug */,
				9919937328394296007C9708 /* Release */,
			);
			defaultConfigurationIsVisible = 0;
			defaultConfigurationName = Release;
		};
		9919937428394296007C9708 /* Build configuration list for PBXNativeTarget "BubbleAppV2" */ = {
			isa = XCConfigurationList;
			buildConfigurations = (
				9919937528394296007C9708 /* Debug */,
				9919937628394296007C9708 /* Release */,
			);
			defaultConfigurationIsVisible = 0;
			defaultConfigurationName = Release;
		};
		9919937728394296007C9708 /* Build configuration list for PBXNativeTarget "BubbleAppV2Tests" */ = {
			isa = XCConfigurationList;
			buildConfigurations = (
				9919937828394296007C9708 /* Debug */,
				9919937928394296007C9708 /* Release */,
			);
			defaultConfigurationIsVisible = 0;
			defaultConfigurationName = Release;
		};
		9919937A28394296007C9708 /* Build configuration list for PBXNativeTarget "BubbleAppV2UITests" */ = {
			isa = XCConfigurationList;
			buildConfigurations = (
				9919937B28394296007C9708 /* Debug */,
				9919937C28394296007C9708 /* Release */,
			);
			defaultConfigurationIsVisible = 0;
			defaultConfigurationName = Release;
		};
/* End XCConfigurationList section */
	};
	rootObject = 9919934728394295007C9708 /* Project object */;
}
